version = 1
revision = 1
requires-python = "==3.11.*"

[[package]]
name = "beautifulsoup4"
version = "4.13.4"
source = { registry = "https://pypi.org/simple" }
dependencies = [
    { name = "soupsieve" },
    { name = "typing-extensions" },
]
sdist = { url = "https://files.pythonhosted.org/packages/d8/e4/0c4c39e18fd76d6a628d4dd8da40543d136ce2d1752bd6eeeab0791f4d6b/beautifulsoup4-4.13.4.tar.gz", hash = "sha256:dbb3c4e1ceae6aefebdaf2423247260cd062430a410e38c66f2baa50a8437195", size = 621067 }
wheels = [
    { url = "https://files.pythonhosted.org/packages/50/cd/30110dc0ffcf3b131156077b90e9f60ed75711223f306da4db08eff8403b/beautifulsoup4-4.13.4-py3-none-any.whl", hash = "sha256:9bbbb14bfde9d79f38b8cd5f8c7c85f4b8f2523190ebed90e950a8dea4cb1c4b", size = 187285 },
]

[[package]]
name = "dateparser"
version = "1.2.1"
source = { registry = "https://pypi.org/simple" }
dependencies = [
    { name = "python-dateutil" },
    { name = "pytz" },
    { name = "regex" },
    { name = "tzlocal" },
]
sdist = { url = "https://files.pythonhosted.org/packages/bd/3f/d3207a05f5b6a78c66d86631e60bfba5af163738a599a5b9aa2c2737a09e/dateparser-1.2.1.tar.gz", hash = "sha256:7e4919aeb48481dbfc01ac9683c8e20bfe95bb715a38c1e9f6af889f4f30ccc3", size = 309924 }
wheels = [
    { url = "https://files.pythonhosted.org/packages/cf/0a/981c438c4cd84147c781e4e96c1d72df03775deb1bc76c5a6ee8afa89c62/dateparser-1.2.1-py3-none-any.whl", hash = "sha256:bdcac262a467e6260030040748ad7c10d6bacd4f3b9cdb4cfd2251939174508c", size = 295658 },
]

[[package]]
name = "duckdb"
version = "1.3.0"
source = { registry = "https://pypi.org/simple" }
sdist = { url = "https://files.pythonhosted.org/packages/3e/82/680b108da1870e48d98464ddcf03820f983421b5bbd8dd8beff98d583db7/duckdb-1.3.0.tar.gz", hash = "sha256:09aaa4b1dca24f4d1f231e7ae66b6413e317b7e04e2753541d42df6c8113fac7", size = 11617648 }
wheels = [
    { url = "https://files.pythonhosted.org/packages/48/a5/0a7dd8f256aa75e254717732905fb96858a9e54e881a5da0966b5760393a/duckdb-1.3.0-cp311-cp311-macosx_12_0_arm64.whl", hash = "sha256:60a58b85929754abb21db1e739d2f53eaef63e6015e62ba58eae3425030e7935", size = 15497894 },
    { url = "https://files.pythonhosted.org/packages/10/b9/5a2275f765f3ca6375797066bc3870bdc8dc3f4c91b84f4230709e012c50/duckdb-1.3.0-cp311-cp311-macosx_12_0_universal2.whl", hash = "sha256:1d46b5a20f078b1b2284243e02a1fde7e12cbb8d205fce62e4700bcfe6a09881", size = 32453581 },
    { url = "https://files.pythonhosted.org/packages/a4/f6/20da96bc7e3886cf424461a45de3f76247b7731a5f7552615bd31e73f1ac/duckdb-1.3.0-cp311-cp311-macosx_12_0_x86_64.whl", hash = "sha256:0044e5ffb2d46308099640a92f99980a44e12bb68642aa9e6b08acbf300d64a1", size = 17066778 },
    { url = "https://files.pythonhosted.org/packages/43/21/ffe5aeb9d32a49d2de6d368b3fe3e53c2246eccec916375d65c45dc58339/duckdb-1.3.0-cp311-cp311-manylinux_2_27_aarch64.manylinux_2_28_aarch64.whl", hash = "sha256:5cb813de2ca2f5e7c77392a67bdcaa174bfd69ebbfdfc983024af270c77a0447", size = 19122797 },
    { url = "https://files.pythonhosted.org/packages/60/0c/111dc4a3dcdd7007ca610e41a85634fbfa258ab960a6445e02872b67ab02/duckdb-1.3.0-cp311-cp311-manylinux_2_27_x86_64.manylinux_2_28_x86_64.whl", hash = "sha256:7a0c993eb6df2b30b189ad747f3aea1b0b87b78ab7f80c6e7c57117b6e8dbfb0", size = 21069430 },
    { url = "https://files.pythonhosted.org/packages/43/00/71c174b65f167af4d77aafa6a01445f08238e84dd679638836472f1141af/duckdb-1.3.0-cp311-cp311-musllinux_1_2_x86_64.whl", hash = "sha256:6728e209570d36ece66dd7249e5d6055326321137cd807f26300733283930cd4", size = 22720601 },
    { url = "https://files.pythonhosted.org/packages/2c/cb/c84a617f79bedb2220ea0b0a9826b2fb1a534568c5742789ca2c0812d465/duckdb-1.3.0-cp311-cp311-win_amd64.whl", hash = "sha256:7e652b7c8dbdb91a94fd7d543d3e115d24a25aa0791a373a852e20cb7bb21154", size = 11421756 },
]

[[package]]
name = "lxml"
version = "5.4.0"
source = { registry = "https://pypi.org/simple" }
sdist = { url = "https://files.pythonhosted.org/packages/76/3d/14e82fc7c8fb1b7761f7e748fd47e2ec8276d137b6acfe5a4bb73853e08f/lxml-5.4.0.tar.gz", hash = "sha256:d12832e1dbea4be280b22fd0ea7c9b87f0d8fc51ba06e92dc62d52f804f78ebd", size = 3679479 }
wheels = [
    { url = "https://files.pythonhosted.org/packages/81/2d/67693cc8a605a12e5975380d7ff83020dcc759351b5a066e1cced04f797b/lxml-5.4.0-cp311-cp311-macosx_10_9_universal2.whl", hash = "sha256:98a3912194c079ef37e716ed228ae0dcb960992100461b704aea4e93af6b0bb9", size = 8083240 },
    { url = "https://files.pythonhosted.org/packages/73/53/b5a05ab300a808b72e848efd152fe9c022c0181b0a70b8bca1199f1bed26/lxml-5.4.0-cp311-cp311-macosx_10_9_x86_64.whl", hash = "sha256:0ea0252b51d296a75f6118ed0d8696888e7403408ad42345d7dfd0d1e93309a7", size = 4387685 },
    { url = "https://files.pythonhosted.org/packages/d8/cb/1a3879c5f512bdcd32995c301886fe082b2edd83c87d41b6d42d89b4ea4d/lxml-5.4.0-cp311-cp311-manylinux_2_12_i686.manylinux2010_i686.manylinux_2_17_i686.manylinux2014_i686.whl", hash = "sha256:b92b69441d1bd39f4940f9eadfa417a25862242ca2c396b406f9272ef09cdcaa", size = 4991164 },
    { url = "https://files.pythonhosted.org/packages/f9/94/bbc66e42559f9d04857071e3b3d0c9abd88579367fd2588a4042f641f57e/lxml-5.4.0-cp311-cp311-manylinux_2_17_aarch64.manylinux2014_aarch64.whl", hash = "sha256:20e16c08254b9b6466526bc1828d9370ee6c0d60a4b64836bc3ac2917d1e16df", size = 4746206 },
    { url = "https://files.pythonhosted.org/packages/66/95/34b0679bee435da2d7cae895731700e519a8dfcab499c21662ebe671603e/lxml-5.4.0-cp311-cp311-manylinux_2_17_ppc64le.manylinux2014_ppc64le.whl", hash = "sha256:7605c1c32c3d6e8c990dd28a0970a3cbbf1429d5b92279e37fda05fb0c92190e", size = 5342144 },
    { url = "https://files.pythonhosted.org/packages/e0/5d/abfcc6ab2fa0be72b2ba938abdae1f7cad4c632f8d552683ea295d55adfb/lxml-5.4.0-cp311-cp311-manylinux_2_17_s390x.manylinux2014_s390x.whl", hash = "sha256:ecf4c4b83f1ab3d5a7ace10bafcb6f11df6156857a3c418244cef41ca9fa3e44", size = 4825124 },
    { url = "https://files.pythonhosted.org/packages/5a/78/6bd33186c8863b36e084f294fc0a5e5eefe77af95f0663ef33809cc1c8aa/lxml-5.4.0-cp311-cp311-manylinux_2_17_x86_64.manylinux2014_x86_64.whl", hash = "sha256:0cef4feae82709eed352cd7e97ae062ef6ae9c7b5dbe3663f104cd2c0e8d94ba", size = 4876520 },
    { url = "https://files.pythonhosted.org/packages/3b/74/4d7ad4839bd0fc64e3d12da74fc9a193febb0fae0ba6ebd5149d4c23176a/lxml-5.4.0-cp311-cp311-manylinux_2_28_aarch64.whl", hash = "sha256:df53330a3bff250f10472ce96a9af28628ff1f4efc51ccba351a8820bca2a8ba", size = 4765016 },
    { url = "https://files.pythonhosted.org/packages/24/0d/0a98ed1f2471911dadfc541003ac6dd6879fc87b15e1143743ca20f3e973/lxml-5.4.0-cp311-cp311-manylinux_2_28_ppc64le.whl", hash = "sha256:aefe1a7cb852fa61150fcb21a8c8fcea7b58c4cb11fbe59c97a0a4b31cae3c8c", size = 5362884 },
    { url = "https://files.pythonhosted.org/packages/48/de/d4f7e4c39740a6610f0f6959052b547478107967362e8424e1163ec37ae8/lxml-5.4.0-cp311-cp311-manylinux_2_28_s390x.whl", hash = "sha256:ef5a7178fcc73b7d8c07229e89f8eb45b2908a9238eb90dcfc46571ccf0383b8", size = 4902690 },
    { url = "https://files.pythonhosted.org/packages/07/8c/61763abd242af84f355ca4ef1ee096d3c1b7514819564cce70fd18c22e9a/lxml-5.4.0-cp311-cp311-manylinux_2_28_x86_64.whl", hash = "sha256:d2ed1b3cb9ff1c10e6e8b00941bb2e5bb568b307bfc6b17dffbbe8be5eecba86", size = 4944418 },
    { url = "https://files.pythonhosted.org/packages/f9/c5/6d7e3b63e7e282619193961a570c0a4c8a57fe820f07ca3fe2f6bd86608a/lxml-5.4.0-cp311-cp311-musllinux_1_2_aarch64.whl", hash = "sha256:72ac9762a9f8ce74c9eed4a4e74306f2f18613a6b71fa065495a67ac227b3056", size = 4827092 },
    { url = "https://files.pythonhosted.org/packages/71/4a/e60a306df54680b103348545706a98a7514a42c8b4fbfdcaa608567bb065/lxml-5.4.0-cp311-cp311-musllinux_1_2_ppc64le.whl", hash = "sha256:f5cb182f6396706dc6cc1896dd02b1c889d644c081b0cdec38747573db88a7d7", size = 5418231 },
    { url = "https://files.pythonhosted.org/packages/27/f2/9754aacd6016c930875854f08ac4b192a47fe19565f776a64004aa167521/lxml-5.4.0-cp311-cp311-musllinux_1_2_s390x.whl", hash = "sha256:3a3178b4873df8ef9457a4875703488eb1622632a9cee6d76464b60e90adbfcd", size = 5261798 },
    { url = "https://files.pythonhosted.org/packages/38/a2/0c49ec6941428b1bd4f280650d7b11a0f91ace9db7de32eb7aa23bcb39ff/lxml-5.4.0-cp311-cp311-musllinux_1_2_x86_64.whl", hash = "sha256:e094ec83694b59d263802ed03a8384594fcce477ce484b0cbcd0008a211ca751", size = 4988195 },
    { url = "https://files.pythonhosted.org/packages/7a/75/87a3963a08eafc46a86c1131c6e28a4de103ba30b5ae903114177352a3d7/lxml-5.4.0-cp311-cp311-win32.whl", hash = "sha256:4329422de653cdb2b72afa39b0aa04252fca9071550044904b2e7036d9d97fe4", size = 3474243 },
    { url = "https://files.pythonhosted.org/packages/fa/f9/1f0964c4f6c2be861c50db380c554fb8befbea98c6404744ce243a3c87ef/lxml-5.4.0-cp311-cp311-win_amd64.whl", hash = "sha256:fd3be6481ef54b8cfd0e1e953323b7aa9d9789b94842d0e5b142ef4bb7999539", size = 3815197 },
]

[[package]]
name = "polars"
version = "1.29.0"
source = { registry = "https://pypi.org/simple" }
sdist = { url = "https://files.pythonhosted.org/packages/0b/92/8d0e80fef779a392b1a736b554ffba62403026bad7df8a9de8b61dce018f/polars-1.29.0.tar.gz", hash = "sha256:d2acb71fce1ff0ea76db5f648abd91a7a6c460fafabce9a2e8175184efa00d02", size = 4582973 }
wheels = [
    { url = "https://files.pythonhosted.org/packages/e7/5f/b277179cfce1258fecf4ad73cf627f670be41fdf088727090f68ca9c96ff/polars-1.29.0-cp39-abi3-macosx_10_12_x86_64.whl", hash = "sha256:d053ee3217df31468caf2f5ddb9fd0f3a94fd42afdf7d9abe23d9d424adca02b", size = 34206809 },
    { url = "https://files.pythonhosted.org/packages/34/e7/634e5cb55ce8bef23ac8ad8e3834c9045f4b3cbdff1fb9e7826d864436e6/polars-1.29.0-cp39-abi3-macosx_11_0_arm64.whl", hash = "sha256:14131078e365eae5ccda3e67383cd43c0c0598d7f760bdf1cb4082566c5494ce", size = 31100055 },
    { url = "https://files.pythonhosted.org/packages/50/15/0e9072e410731980ebc567c60a0a5f02bc2183310e48704ef83682cdd54c/polars-1.29.0-cp39-abi3-manylinux_2_17_x86_64.manylinux2014_x86_64.whl", hash = "sha256:54f6902da333f99208b8d27765d580ba0299b412787c0564275912122c228e40", size = 34828438 },
    { url = "https://files.pythonhosted.org/packages/69/c0/90fcaac5c95aa225b3899698289c0424d429ef72248b593f15294f95a35e/polars-1.29.0-cp39-abi3-manylinux_2_24_aarch64.whl", hash = "sha256:7a0ac6a11088279af4d715f4b58068835f551fa5368504a53401743006115e78", size = 32073830 },
    { url = "https://files.pythonhosted.org/packages/17/ed/e5e570e22a03549a3c5397035a006b2c6343856a9fd15cccb5db39bdfa0a/polars-1.29.0-cp39-abi3-win_amd64.whl", hash = "sha256:f5aac4656e58b1e12f9481950981ef68b5b0e53dd4903bd72472efd2d09a74c8", size = 34971841 },
    { url = "https://files.pythonhosted.org/packages/45/fd/9039f609d76b3ebb13777f289502a00b52709aea5c35aed01d1090ac142f/polars-1.29.0-cp39-abi3-win_arm64.whl", hash = "sha256:0c105b07b980b77fe88c3200b015bf4695e53185385f0f244c13e2d1027c7bbf", size = 31298689 },
]

[[package]]
name = "python-dateutil"
version = "2.9.0.post0"
source = { registry = "https://pypi.org/simple" }
dependencies = [
    { name = "six" },
]
sdist = { url = "https://files.pythonhosted.org/packages/66/c0/0c8b6ad9f17a802ee498c46e004a0eb49bc148f2fd230864601a86dcf6db/python-dateutil-2.9.0.post0.tar.gz", hash = "sha256:37dd54208da7e1cd875388217d5e00ebd4179249f90fb72437e91a35459a0ad3", size = 342432 }
wheels = [
    { url = "https://files.pythonhosted.org/packages/ec/57/56b9bcc3c9c6a792fcbaf139543cee77261f3651ca9da0c93f5c1221264b/python_dateutil-2.9.0.post0-py2.py3-none-any.whl", hash = "sha256:a8b2bc7bffae282281c8140a97d3aa9c14da0b136dfe83f850eea9a5f7470427", size = 229892 },
]

[[package]]
name = "pytz"
version = "2025.2"
source = { registry = "https://pypi.org/simple" }
sdist = { url = "https://files.pythonhosted.org/packages/f8/bf/abbd3cdfb8fbc7fb3d4d38d320f2441b1e7cbe29be4f23797b4a2b5d8aac/pytz-2025.2.tar.gz", hash = "sha256:360b9e3dbb49a209c21ad61809c7fb453643e048b38924c765813546746e81c3", size = 320884 }
wheels = [
    { url = "https://files.pythonhosted.org/packages/81/c4/34e93fe5f5429d7570ec1fa436f1986fb1f00c3e0f43a589fe2bbcd22c3f/pytz-2025.2-py2.py3-none-any.whl", hash = "sha256:5ddf76296dd8c44c26eb8f4b6f35488f3ccbf6fbbd7adee0b7262d43f0ec2f00", size = 509225 },
]

[[package]]
name = "regex"
version = "2024.11.6"
source = { registry = "https://pypi.org/simple" }
sdist = { url = "https://files.pythonhosted.org/packages/8e/5f/bd69653fbfb76cf8604468d3b4ec4c403197144c7bfe0e6a5fc9e02a07cb/regex-2024.11.6.tar.gz", hash = "sha256:7ab159b063c52a0333c884e4679f8d7a85112ee3078fe3d9004b2dd875585519", size = 399494 }
wheels = [
    { url = "https://files.pythonhosted.org/packages/58/58/7e4d9493a66c88a7da6d205768119f51af0f684fe7be7bac8328e217a52c/regex-2024.11.6-cp311-cp311-macosx_10_9_universal2.whl", hash = "sha256:5478c6962ad548b54a591778e93cd7c456a7a29f8eca9c49e4f9a806dcc5d638", size = 482669 },
    { url = "https://files.pythonhosted.org/packages/34/4c/8f8e631fcdc2ff978609eaeef1d6994bf2f028b59d9ac67640ed051f1218/regex-2024.11.6-cp311-cp311-macosx_10_9_x86_64.whl", hash = "sha256:2c89a8cc122b25ce6945f0423dc1352cb9593c68abd19223eebbd4e56612c5b7", size = 287684 },
    { url = "https://files.pythonhosted.org/packages/c5/1b/f0e4d13e6adf866ce9b069e191f303a30ab1277e037037a365c3aad5cc9c/regex-2024.11.6-cp311-cp311-macosx_11_0_arm64.whl", hash = "sha256:94d87b689cdd831934fa3ce16cc15cd65748e6d689f5d2b8f4f4df2065c9fa20", size = 284589 },
    { url = "https://files.pythonhosted.org/packages/25/4d/ab21047f446693887f25510887e6820b93f791992994f6498b0318904d4a/regex-2024.11.6-cp311-cp311-manylinux_2_17_aarch64.manylinux2014_aarch64.whl", hash = "sha256:1062b39a0a2b75a9c694f7a08e7183a80c63c0d62b301418ffd9c35f55aaa114", size = 792121 },
    { url = "https://files.pythonhosted.org/packages/45/ee/c867e15cd894985cb32b731d89576c41a4642a57850c162490ea34b78c3b/regex-2024.11.6-cp311-cp311-manylinux_2_17_ppc64le.manylinux2014_ppc64le.whl", hash = "sha256:167ed4852351d8a750da48712c3930b031f6efdaa0f22fa1933716bfcd6bf4a3", size = 831275 },
    { url = "https://files.pythonhosted.org/packages/b3/12/b0f480726cf1c60f6536fa5e1c95275a77624f3ac8fdccf79e6727499e28/regex-2024.11.6-cp311-cp311-manylinux_2_17_s390x.manylinux2014_s390x.whl", hash = "sha256:2d548dafee61f06ebdb584080621f3e0c23fff312f0de1afc776e2a2ba99a74f", size = 818257 },
    { url = "https://files.pythonhosted.org/packages/bf/ce/0d0e61429f603bac433910d99ef1a02ce45a8967ffbe3cbee48599e62d88/regex-2024.11.6-cp311-cp311-manylinux_2_17_x86_64.manylinux2014_x86_64.whl", hash = "sha256:f2a19f302cd1ce5dd01a9099aaa19cae6173306d1302a43b627f62e21cf18ac0", size = 792727 },
    { url = "https://files.pythonhosted.org/packages/e4/c1/243c83c53d4a419c1556f43777ccb552bccdf79d08fda3980e4e77dd9137/regex-2024.11.6-cp311-cp311-manylinux_2_5_i686.manylinux1_i686.manylinux_2_17_i686.manylinux2014_i686.whl", hash = "sha256:bec9931dfb61ddd8ef2ebc05646293812cb6b16b60cf7c9511a832b6f1854b55", size = 780667 },
    { url = "https://files.pythonhosted.org/packages/c5/f4/75eb0dd4ce4b37f04928987f1d22547ddaf6c4bae697623c1b05da67a8aa/regex-2024.11.6-cp311-cp311-musllinux_1_2_aarch64.whl", hash = "sha256:9714398225f299aa85267fd222f7142fcb5c769e73d7733344efc46f2ef5cf89", size = 776963 },
    { url = "https://files.pythonhosted.org/packages/16/5d/95c568574e630e141a69ff8a254c2f188b4398e813c40d49228c9bbd9875/regex-2024.11.6-cp311-cp311-musllinux_1_2_i686.whl", hash = "sha256:202eb32e89f60fc147a41e55cb086db2a3f8cb82f9a9a88440dcfc5d37faae8d", size = 784700 },
    { url = "https://files.pythonhosted.org/packages/8e/b5/f8495c7917f15cc6fee1e7f395e324ec3e00ab3c665a7dc9d27562fd5290/regex-2024.11.6-cp311-cp311-musllinux_1_2_ppc64le.whl", hash = "sha256:4181b814e56078e9b00427ca358ec44333765f5ca1b45597ec7446d3a1ef6e34", size = 848592 },
    { url = "https://files.pythonhosted.org/packages/1c/80/6dd7118e8cb212c3c60b191b932dc57db93fb2e36fb9e0e92f72a5909af9/regex-2024.11.6-cp311-cp311-musllinux_1_2_s390x.whl", hash = "sha256:068376da5a7e4da51968ce4c122a7cd31afaaec4fccc7856c92f63876e57b51d", size = 852929 },
    { url = "https://files.pythonhosted.org/packages/11/9b/5a05d2040297d2d254baf95eeeb6df83554e5e1df03bc1a6687fc4ba1f66/regex-2024.11.6-cp311-cp311-musllinux_1_2_x86_64.whl", hash = "sha256:ac10f2c4184420d881a3475fb2c6f4d95d53a8d50209a2500723d831036f7c45", size = 781213 },
    { url = "https://files.pythonhosted.org/packages/26/b7/b14e2440156ab39e0177506c08c18accaf2b8932e39fb092074de733d868/regex-2024.11.6-cp311-cp311-win32.whl", hash = "sha256:c36f9b6f5f8649bb251a5f3f66564438977b7ef8386a52460ae77e6070d309d9", size = 261734 },
    { url = "https://files.pythonhosted.org/packages/80/32/763a6cc01d21fb3819227a1cc3f60fd251c13c37c27a73b8ff4315433a8e/regex-2024.11.6-cp311-cp311-win_amd64.whl", hash = "sha256:02e28184be537f0e75c1f9b2f8847dc51e08e6e171c6bde130b2687e0c33cf60", size = 274052 },
]

[[package]]
name = "six"
version = "1.17.0"
source = { registry = "https://pypi.org/simple" }
sdist = { url = "https://files.pythonhosted.org/packages/94/e7/b2c673351809dca68a0e064b6af791aa332cf192da575fd474ed7d6f16a2/six-1.17.0.tar.gz", hash = "sha256:ff70335d468e7eb6ec65b95b99d3a2836546063f63acc5171de367e834932a81", size = 34031 }
wheels = [
    { url = "https://files.pythonhosted.org/packages/b7/ce/149a00dd41f10bc29e5921b496af8b574d8413afcd5e30dfa0ed46c2cc5e/six-1.17.0-py2.py3-none-any.whl", hash = "sha256:4721f391ed90541fddacab5acf947aa0d3dc7d27b2e1e8eda2be8970586c3274", size = 11050 },
]

[[package]]
name = "soupsieve"
version = "2.7"
source = { registry = "https://pypi.org/simple" }
sdist = { url = "https://files.pythonhosted.org/packages/3f/f4/4a80cd6ef364b2e8b65b15816a843c0980f7a5a2b4dc701fc574952aa19f/soupsieve-2.7.tar.gz", hash = "sha256:ad282f9b6926286d2ead4750552c8a6142bc4c783fd66b0293547c8fe6ae126a", size = 103418 }
wheels = [
    { url = "https://files.pythonhosted.org/packages/e7/9c/0e6afc12c269578be5c0c1c9f4b49a8d32770a080260c333ac04cc1c832d/soupsieve-2.7-py3-none-any.whl", hash = "sha256:6e60cc5c1ffaf1cebcc12e8188320b72071e922c2e897f737cadce79ad5d30c4", size = 36677 },
]

[[package]]
name = "topic-extractor"
version = "0.1.0"
source = { editable = "." }
dependencies = [
    { name = "beautifulsoup4" },
    { name = "dateparser" },
    { name = "duckdb" },
    { name = "lxml" },
    { name = "polars" },
    { name = "python-dateutil" },
]

[package.metadata]
requires-dist = [
    { name = "beautifulsoup4", specifier = ">=4.13.4" },
    { name = "dateparser", specifier = ">=1.2.1" },
    { name = "duckdb", specifier = ">=1.3.0" },
    { name = "lxml", specifier = ">=5.4.0" },
    { name = "polars", specifier = ">=1.29.0" },
    { name = "python-dateutil", specifier = ">=2.9.0" },
]

[[package]]
name = "typing-extensions"
version = "4.13.2"
source = { registry = "https://pypi.org/simple" }
sdist = { url = "https://files.pythonhosted.org/packages/f6/37/23083fcd6e35492953e8d2aaaa68b860eb422b34627b13f2ce3eb6106061/typing_extensions-4.13.2.tar.gz", hash = "sha256:e6c81219bd689f51865d9e372991c540bda33a0379d5573cddb9a3a23f7caaef", size = 106967 }
wheels = [
    { url = "https://files.pythonhosted.org/packages/8b/54/b1ae86c0973cc6f0210b53d508ca3641fb6d0c56823f288d108bc7ab3cc8/typing_extensions-4.13.2-py3-none-any.whl", hash = "sha256:a439e7c04b49fec3e5d3e2beaa21755cadbbdc391694e28ccdd36ca4a1408f8c", size = 45806 },
]

[[package]]
name = "tzdata"
version = "2025.2"
source = { registry = "https://pypi.org/simple" }
sdist = { url = "https://files.pythonhosted.org/packages/95/32/1a225d6164441be760d75c2c42e2780dc0873fe382da3e98a2e1e48361e5/tzdata-2025.2.tar.gz", hash = "sha256:b60a638fcc0daffadf82fe0f57e53d06bdec2f36c4df66280ae79bce6bd6f2b9", size = 196380 }
wheels = [
    { url = "https://files.pythonhosted.org/packages/5c/23/c7abc0ca0a1526a0774eca151daeb8de62ec457e77262b66b359c3c7679e/tzdata-2025.2-py2.py3-none-any.whl", hash = "sha256:1a403fada01ff9221ca8044d701868fa132215d84beb92242d9acd2147f667a8", size = 347839 },
]

[[package]]
name = "tzlocal"
version = "5.3.1"
source = { registry = "https://pypi.org/simple" }
dependencies = [
    { name = "tzdata", marker = "sys_platform == 'win32'" },
]
sdist = { url = "https://files.pythonhosted.org/packages/8b/2e/c14812d3d4d9cd1773c6be938f89e5735a1f11a9f184ac3639b93cef35d5/tzlocal-5.3.1.tar.gz", hash = "sha256:cceffc7edecefea1f595541dbd6e990cb1ea3d19bf01b2809f362a03dd7921fd", size = 30761 }
wheels = [
    { url = "https://files.pythonhosted.org/packages/c2/14/e2a54fabd4f08cd7af1c07030603c3356b74da07f7cc056e600436edfa17/tzlocal-5.3.1-py3-none-any.whl", hash = "sha256:eb1a66c3ef5847adf7a834f1be0800581b683b5608e74f86ecbcef8ab91bb85d", size = 18026 },
]
